
Microsoft Visual Studio Solution File, Format Version 12.00
# Visual Studio Version 17
VisualStudioVersion = 17.0.31903.59
MinimumVisualStudioVersion = 10.0.40219.1
Project("{2150E333-8FDC-42A3-9474-1A3956D46DE8}") = "stoream.webui", "stoream.webui", "{F872E2B7-29AA-BD94-BEC1-F1E4CC71F84B}"
EndProject
Project("{2150E333-8FDC-42A3-9474-1A3956D46DE8}") = "src", "src", "{23A3E818-8473-30BF-A248-8167651A7EA1}"
EndProject
Project("{F2A71F9B-5D33-465A-A702-920D77279786}") = "App", "stoream.webui\src\App\App.fsproj", "{10F3AD9E-E6FD-4C77-B573-0A205C5EE2E1}"
EndProject
Global
	GlobalSection(SolutionConfigurationPlatforms) = preSolution
		Debug|Any CPU = Debug|Any CPU
		Debug|x64 = Debug|x64
		Debug|x86 = Debug|x86
		Release|Any CPU = Release|Any CPU
		Release|x64 = Release|x64
		Release|x86 = Release|x86
	EndGlobalSection
	GlobalSection(ProjectConfigurationPlatforms) = postSolution
		{10F3AD9E-E6FD-4C77-B573-0A205C5EE2E1}.Debug|Any CPU.ActiveCfg = Debug|Any CPU
		{10F3AD9E-E6FD-4C77-B573-0A205C5EE2E1}.Debug|Any CPU.Build.0 = Debug|Any CPU
		{10F3AD9E-E6FD-4C77-B573-0A205C5EE2E1}.Debug|x64.ActiveCfg = Debug|Any CPU
		{10F3AD9E-E6FD-4C77-B573-0A205C5EE2E1}.Debug|x64.Build.0 = Debug|Any CPU
		{10F3AD9E-E6FD-4C77-B573-0A205C5EE2E1}.Debug|x86.ActiveCfg = Debug|Any CPU
		{10F3AD9E-E6FD-4C77-B573-0A205C5EE2E1}.Debug|x86.Build.0 = Debug|Any CPU
		{10F3AD9E-E6FD-4C77-B573-0A205C5EE2E1}.Release|Any CPU.ActiveCfg = Release|Any CPU
		{10F3AD9E-E6FD-4C77-B573-0A205C5EE2E1}.Release|Any CPU.Build.0 = Release|Any CPU
		{10F3AD9E-E6FD-4C77-B573-0A205C5EE2E1}.Release|x64.ActiveCfg = Release|Any CPU
		{10F3AD9E-E6FD-4C77-B573-0A205C5EE2E1}.Release|x64.Build.0 = Release|Any CPU
		{10F3AD9E-E6FD-4C77-B573-0A205C5EE2E1}.Release|x86.ActiveCfg = Release|Any CPU
		{10F3AD9E-E6FD-4C77-B573-0A205C5EE2E1}.Release|x86.Build.0 = Release|Any CPU
	EndGlobalSection
	GlobalSection(SolutionProperties) = preSolution
		HideSolutionNode = FALSE
	EndGlobalSection
	GlobalSection(NestedProjects) = preSolution
		{23A3E818-8473-30BF-A248-8167651A7EA1} = {F872E2B7-29AA-BD94-BEC1-F1E4CC71F84B}
		{10F3AD9E-E6FD-4C77-B573-0A205C5EE2E1} = {23A3E818-8473-30BF-A248-8167651A7EA1}
	EndGlobalSection
EndGlobal
